// !$*UTF8*$!
{
	archiveVersion = 1;
	classes = {
	};
	objectVersion = 46;
	objects = {

/* Begin PBXBuildFile section */
		48E9A46E180CAD2D00120E24 /* ofxOscBundle.cpp in Sources */ = {isa = PBXBuildFile; fileRef = 48E9A464180CAD2D00120E24 /* ofxOscBundle.cpp */; };
		48E9A46F180CAD2D00120E24 /* ofxOscMessage.cpp in Sources */ = {isa = PBXBuildFile; fileRef = 48E9A466180CAD2D00120E24 /* ofxOscMessage.cpp */; };
		48E9A470180CAD2D00120E24 /* ofxOscParameterSync.cpp in Sources */ = {isa = PBXBuildFile; fileRef = 48E9A468180CAD2D00120E24 /* ofxOscParameterSync.cpp */; };
		48E9A471180CAD2D00120E24 /* ofxOscReceiver.cpp in Sources */ = {isa = PBXBuildFile; fileRef = 48E9A46A180CAD2D00120E24 /* ofxOscReceiver.cpp */; };
		48E9A472180CAD2D00120E24 /* ofxOscSender.cpp in Sources */ = {isa = PBXBuildFile; fileRef = 48E9A46C180CAD2D00120E24 /* ofxOscSender.cpp */; };
		48E9A490180CADD100120E24 /* IpEndpointName.cpp in Sources */ = {isa = PBXBuildFile; fileRef = 48E9A477180CAD3400120E24 /* IpEndpointName.cpp */; };
		48E9A491180CADD100120E24 /* IpEndpointName.h in Sources */ = {isa = PBXBuildFile; fileRef = 48E9A478180CAD3400120E24 /* IpEndpointName.h */; };
		48E9A492180CADD100120E24 /* NetworkingUtils.h in Sources */ = {isa = PBXBuildFile; fileRef = 48E9A479180CAD3400120E24 /* NetworkingUtils.h */; };
		48E9A493180CADD100120E24 /* PacketListener.h in Sources */ = {isa = PBXBuildFile; fileRef = 48E9A47A180CAD3400120E24 /* PacketListener.h */; };
		48E9A494180CADD100120E24 /* NetworkingUtils.cpp in Sources */ = {isa = PBXBuildFile; fileRef = 48E9A47C180CAD3400120E24 /* NetworkingUtils.cpp */; };
		48E9A495180CADD100120E24 /* UdpSocket.cpp in Sources */ = {isa = PBXBuildFile; fileRef = 48E9A47D180CAD3400120E24 /* UdpSocket.cpp */; };
		48E9A496180CADD100120E24 /* TimerListener.h in Sources */ = {isa = PBXBuildFile; fileRef = 48E9A47E180CAD3400120E24 /* TimerListener.h */; };
		48E9A497180CADD100120E24 /* UdpSocket.h in Sources */ = {isa = PBXBuildFile; fileRef = 48E9A47F180CAD3400120E24 /* UdpSocket.h */; };
		48E9A498180CADD100120E24 /* MessageMappingOscPacketListener.h in Sources */ = {isa = PBXBuildFile; fileRef = 48E9A484180CAD3400120E24 /* MessageMappingOscPacketListener.h */; };
		48E9A499180CADD100120E24 /* OscException.h in Sources */ = {isa = PBXBuildFile; fileRef = 48E9A485180CAD3400120E24 /* OscException.h */; };
		48E9A49A180CADD100120E24 /* OscHostEndianness.h in Sources */ = {isa = PBXBuildFile; fileRef = 48E9A486180CAD3400120E24 /* OscHostEndianness.h */; };
		48E9A49B180CADD100120E24 /* OscOutboundPacketStream.cpp in Sources */ = {isa = PBXBuildFile; fileRef = 48E9A487180CAD3400120E24 /* OscOutboundPacketStream.cpp */; };
		48E9A49C180CADD100120E24 /* OscOutboundPacketStream.h in Sources */ = {isa = PBXBuildFile; fileRef = 48E9A488180CAD3400120E24 /* OscOutboundPacketStream.h */; };
		48E9A49D180CADD100120E24 /* OscPacketListener.h in Sources */ = {isa = PBXBuildFile; fileRef = 48E9A489180CAD3400120E24 /* OscPacketListener.h */; };
		48E9A49E180CADD100120E24 /* OscPrintReceivedElements.cpp in Sources */ = {isa = PBXBuildFile; fileRef = 48E9A48A180CAD3400120E24 /* OscPrintReceivedElements.cpp */; };
		48E9A49F180CADD100120E24 /* OscPrintReceivedElements.h in Sources */ = {isa = PBXBuildFile; fileRef = 48E9A48B180CAD3400120E24 /* OscPrintReceivedElements.h */; };
		48E9A4A0180CADD100120E24 /* OscReceivedElements.cpp in Sources */ = {isa = PBXBuildFile; fileRef = 48E9A48C180CAD3400120E24 /* OscReceivedElements.cpp */; };
		48E9A4A1180CADD100120E24 /* OscReceivedElements.h in Sources */ = {isa = PBXBuildFile; fileRef = 48E9A48D180CAD3400120E24 /* OscReceivedElements.h */; };
		48E9A4A2180CADD100120E24 /* OscTypes.cpp in Sources */ = {isa = PBXBuildFile; fileRef = 48E9A48E180CAD3400120E24 /* OscTypes.cpp */; };
		48E9A4A3180CADD100120E24 /* OscTypes.h in Sources */ = {isa = PBXBuildFile; fileRef = 48E9A48F180CAD3400120E24 /* OscTypes.h */; };
		48E9A4A4180CADD100120E24 /* ofxOsc.h in Sources */ = {isa = PBXBuildFile; fileRef = 48E9A462180CAD2D00120E24 /* ofxOsc.h */; };
		48E9A4A5180CADD100120E24 /* ofxOscArg.h in Sources */ = {isa = PBXBuildFile; fileRef = 48E9A463180CAD2D00120E24 /* ofxOscArg.h */; };
		48E9A4A6180CADD100120E24 /* ofxOscBundle.h in Sources */ = {isa = PBXBuildFile; fileRef = 48E9A465180CAD2D00120E24 /* ofxOscBundle.h */; };
		48E9A4A7180CADD100120E24 /* ofxOscMessage.h in Sources */ = {isa = PBXBuildFile; fileRef = 48E9A467180CAD2D00120E24 /* ofxOscMessage.h */; };
		48E9A4A8180CADD100120E24 /* ofxOscParameterSync.h in Sources */ = {isa = PBXBuildFile; fileRef = 48E9A469180CAD2D00120E24 /* ofxOscParameterSync.h */; };
		48E9A4A9180CADD100120E24 /* ofxOscReceiver.h in Sources */ = {isa = PBXBuildFile; fileRef = 48E9A46B180CAD2D00120E24 /* ofxOscReceiver.h */; };
		48E9A4AA180CADD100120E24 /* ofxOscSender.h in Sources */ = {isa = PBXBuildFile; fileRef = 48E9A46D180CAD2D00120E24 /* ofxOscSender.h */; };
		48E9A4AB180CADD100120E24 /* ofxBaseGui.cpp in Sources */ = {isa = PBXBuildFile; fileRef = 48E9A44F180CAD1A00120E24 /* ofxBaseGui.cpp */; };
		48E9A4AC180CADD100120E24 /* ofxBaseGui.h in Sources */ = {isa = PBXBuildFile; fileRef = 48E9A450180CAD1A00120E24 /* ofxBaseGui.h */; };
		48E9A4AD180CADD100120E24 /* ofxButton.cpp in Sources */ = {isa = PBXBuildFile; fileRef = 48E9A451180CAD1A00120E24 /* ofxButton.cpp */; };
		48E9A4AE180CADD100120E24 /* ofxButton.h in Sources */ = {isa = PBXBuildFile; fileRef = 48E9A452180CAD1A00120E24 /* ofxButton.h */; };
		48E9A4AF180CADD100120E24 /* ofxGui.h in Sources */ = {isa = PBXBuildFile; fileRef = 48E9A453180CAD1A00120E24 /* ofxGui.h */; };
		48E9A4B0180CADD100120E24 /* ofxGuiGroup.cpp in Sources */ = {isa = PBXBuildFile; fileRef = 48E9A454180CAD1A00120E24 /* ofxGuiGroup.cpp */; };
		48E9A4B1180CADD100120E24 /* ofxGuiGroup.h in Sources */ = {isa = PBXBuildFile; fileRef = 48E9A455180CAD1A00120E24 /* ofxGuiGroup.h */; };
		48E9A4B2180CADD100120E24 /* ofxLabel.cpp in Sources */ = {isa = PBXBuildFile; fileRef = 48E9A456180CAD1A00120E24 /* ofxLabel.cpp */; };
		48E9A4B3180CADD100120E24 /* ofxLabel.h in Sources */ = {isa = PBXBuildFile; fileRef = 48E9A457180CAD1A00120E24 /* ofxLabel.h */; };
		48E9A4B4180CADD100120E24 /* ofxPanel.cpp in Sources */ = {isa = PBXBuildFile; fileRef = 48E9A458180CAD1A00120E24 /* ofxPanel.cpp */; };
		48E9A4B5180CADD100120E24 /* ofxPanel.h in Sources */ = {isa = PBXBuildFile; fileRef = 48E9A459180CAD1A00120E24 /* ofxPanel.h */; };
		48E9A4B6180CADD100120E24 /* ofxSlider.cpp in Sources */ = {isa = PBXBuildFile; fileRef = 48E9A45A180CAD1A00120E24 /* ofxSlider.cpp */; };
		48E9A4B7180CADD100120E24 /* ofxSlider.h in Sources */ = {isa = PBXBuildFile; fileRef = 48E9A45B180CAD1A00120E24 /* ofxSlider.h */; };
		48E9A4B8180CADD100120E24 /* ofxSliderGroup.cpp in Sources */ = {isa = PBXBuildFile; fileRef = 48E9A45C180CAD1A00120E24 /* ofxSliderGroup.cpp */; };
		48E9A4B9180CADD100120E24 /* ofxSliderGroup.h in Sources */ = {isa = PBXBuildFile; fileRef = 48E9A45D180CAD1A00120E24 /* ofxSliderGroup.h */; };
		48E9A4BA180CADD100120E24 /* ofxToggle.cpp in Sources */ = {isa = PBXBuildFile; fileRef = 48E9A45E180CAD1A00120E24 /* ofxToggle.cpp */; };
		48E9A4BB180CADD100120E24 /* ofxToggle.h in Sources */ = {isa = PBXBuildFile; fileRef = 48E9A45F180CAD1A00120E24 /* ofxToggle.h */; };
		48E9A4C9180CB59A00120E24 /* StreamerGUI.cpp in Sources */ = {isa = PBXBuildFile; fileRef = 48E9A4C4180CB0EE00120E24 /* StreamerGUI.cpp */; };
		48E9A4CA180CB59A00120E24 /* StreamerGUI.h in Sources */ = {isa = PBXBuildFile; fileRef = 48E9A4C5180CB0EE00120E24 /* StreamerGUI.h */; };
		48E9A4D8180CCA9000120E24 /* tinyxml.cpp in Sources */ = {isa = PBXBuildFile; fileRef = 48E9A4D4180CC8E800120E24 /* tinyxml.cpp */; };
		48E9A4D9180CCA9000120E24 /* tinyxml.h in Sources */ = {isa = PBXBuildFile; fileRef = 48E9A4D5180CC8E800120E24 /* tinyxml.h */; };
		48E9A4DA180CCA9000120E24 /* tinyxmlerror.cpp in Sources */ = {isa = PBXBuildFile; fileRef = 48E9A4D6180CC8E800120E24 /* tinyxmlerror.cpp */; };
		48E9A4DB180CCA9000120E24 /* tinyxmlparser.cpp in Sources */ = {isa = PBXBuildFile; fileRef = 48E9A4D7180CC8E800120E24 /* tinyxmlparser.cpp */; };
		48E9A4DC180CCA9000120E24 /* ofxXmlSettings.cpp in Sources */ = {isa = PBXBuildFile; fileRef = 48E9A4D1180CC8E300120E24 /* ofxXmlSettings.cpp */; };
		48E9A4DD180CCA9000120E24 /* ofxXmlSettings.h in Sources */ = {isa = PBXBuildFile; fileRef = 48E9A4D2180CC8E300120E24 /* ofxXmlSettings.h */; };
		BBAB23CB13894F3D00AA2426 /* GLUT.framework in CopyFiles */ = {isa = PBXBuildFile; fileRef = BBAB23BE13894E4700AA2426 /* GLUT.framework */; };
		E4328149138ABC9F0047C5CB /* openFrameworksDebug.a in Frameworks */ = {isa = PBXBuildFile; fileRef = E4328148138ABC890047C5CB /* openFrameworksDebug.a */; };
		E45BE97B0E8CC7DD009D7055 /* AGL.framework in Frameworks */ = {isa = PBXBuildFile; fileRef = E45BE9710E8CC7DD009D7055 /* AGL.framework */; };
		E45BE97C0E8CC7DD009D7055 /* ApplicationServices.framework in Frameworks */ = {isa = PBXBuildFile; fileRef = E45BE9720E8CC7DD009D7055 /* ApplicationServices.framework */; };
		E45BE97D0E8CC7DD009D7055 /* AudioToolbox.framework in Frameworks */ = {isa = PBXBuildFile; fileRef = E45BE9730E8CC7DD009D7055 /* AudioToolbox.framework */; };
		E45BE97E0E8CC7DD009D7055 /* Carbon.framework in Frameworks */ = {isa = PBXBuildFile; fileRef = E45BE9740E8CC7DD009D7055 /* Carbon.framework */; };
		E45BE97F0E8CC7DD009D7055 /* CoreAudio.framework in Frameworks */ = {isa = PBXBuildFile; fileRef = E45BE9750E8CC7DD009D7055 /* CoreAudio.framework */; };
		E45BE9800E8CC7DD009D7055 /* CoreFoundation.framework in Frameworks */ = {isa = PBXBuildFile; fileRef = E45BE9760E8CC7DD009D7055 /* CoreFoundation.framework */; };
		E45BE9810E8CC7DD009D7055 /* CoreServices.framework in Frameworks */ = {isa = PBXBuildFile; fileRef = E45BE9770E8CC7DD009D7055 /* CoreServices.framework */; };
		E45BE9830E8CC7DD009D7055 /* OpenGL.framework in Frameworks */ = {isa = PBXBuildFile; fileRef = E45BE9790E8CC7DD009D7055 /* OpenGL.framework */; };
		E45BE9840E8CC7DD009D7055 /* QuickTime.framework in Frameworks */ = {isa = PBXBuildFile; fileRef = E45BE97A0E8CC7DD009D7055 /* QuickTime.framework */; };
		E4B69E200A3A1BDC003C02F2 /* main.cpp in Sources */ = {isa = PBXBuildFile; fileRef = E4B69E1D0A3A1BDC003C02F2 /* main.cpp */; };
		E4B69E210A3A1BDC003C02F2 /* testApp.cpp in Sources */ = {isa = PBXBuildFile; fileRef = E4B69E1E0A3A1BDC003C02F2 /* testApp.cpp */; };
		E4C2424710CC5A17004149E2 /* AppKit.framework in Frameworks */ = {isa = PBXBuildFile; fileRef = E4C2424410CC5A17004149E2 /* AppKit.framework */; };
		E4C2424810CC5A17004149E2 /* Cocoa.framework in Frameworks */ = {isa = PBXBuildFile; fileRef = E4C2424510CC5A17004149E2 /* Cocoa.framework */; };
		E4C2424910CC5A17004149E2 /* IOKit.framework in Frameworks */ = {isa = PBXBuildFile; fileRef = E4C2424610CC5A17004149E2 /* IOKit.framework */; };
		E4EB6799138ADC1D00A09F29 /* GLUT.framework in Frameworks */ = {isa = PBXBuildFile; fileRef = BBAB23BE13894E4700AA2426 /* GLUT.framework */; };
		E7E077E515D3B63C0020DFD4 /* CoreVideo.framework in Frameworks */ = {isa = PBXBuildFile; fileRef = E7E077E415D3B63C0020DFD4 /* CoreVideo.framework */; };
		E7E077E815D3B6510020DFD4 /* QTKit.framework in Frameworks */ = {isa = PBXBuildFile; fileRef = E7E077E715D3B6510020DFD4 /* QTKit.framework */; };
		E7F985F815E0DEA3003869B5 /* Accelerate.framework in Frameworks */ = {isa = PBXBuildFile; fileRef = E7F985F515E0DE99003869B5 /* Accelerate.framework */; };
/* End PBXBuildFile section */

/* Begin PBXContainerItemProxy section */
		E4328147138ABC890047C5CB /* PBXContainerItemProxy */ = {
			isa = PBXContainerItemProxy;
			containerPortal = E4328143138ABC890047C5CB /* openFrameworksLib.xcodeproj */;
			proxyType = 2;
			remoteGlobalIDString = E4B27C1510CBEB8E00536013;
			remoteInfo = openFrameworks;
		};
		E4EEB9AB138B136A00A80321 /* PBXContainerItemProxy */ = {
			isa = PBXContainerItemProxy;
			containerPortal = E4328143138ABC890047C5CB /* openFrameworksLib.xcodeproj */;
			proxyType = 1;
			remoteGlobalIDString = E4B27C1410CBEB8E00536013;
			remoteInfo = openFrameworks;
		};
/* End PBXContainerItemProxy section */

/* Begin PBXCopyFilesBuildPhase section */
		E4C2427710CC5ABF004149E2 /* CopyFiles */ = {
			isa = PBXCopyFilesBuildPhase;
			buildActionMask = 2147483647;
			dstPath = "";
			dstSubfolderSpec = 10;
			files = (
				BBAB23CB13894F3D00AA2426 /* GLUT.framework in CopyFiles */,
			);
			runOnlyForDeploymentPostprocessing = 0;
		};
/* End PBXCopyFilesBuildPhase section */

/* Begin PBXFileReference section */
		48E9A44F180CAD1A00120E24 /* ofxBaseGui.cpp */ = {isa = PBXFileReference; lastKnownFileType = sourcecode.cpp.cpp; path = ofxBaseGui.cpp; sourceTree = "<group>"; };
		48E9A450180CAD1A00120E24 /* ofxBaseGui.h */ = {isa = PBXFileReference; lastKnownFileType = sourcecode.c.h; path = ofxBaseGui.h; sourceTree = "<group>"; };
		48E9A451180CAD1A00120E24 /* ofxButton.cpp */ = {isa = PBXFileReference; lastKnownFileType = sourcecode.cpp.cpp; path = ofxButton.cpp; sourceTree = "<group>"; };
		48E9A452180CAD1A00120E24 /* ofxButton.h */ = {isa = PBXFileReference; lastKnownFileType = sourcecode.c.h; path = ofxButton.h; sourceTree = "<group>"; };
		48E9A453180CAD1A00120E24 /* ofxGui.h */ = {isa = PBXFileReference; lastKnownFileType = sourcecode.c.h; path = ofxGui.h; sourceTree = "<group>"; };
		48E9A454180CAD1A00120E24 /* ofxGuiGroup.cpp */ = {isa = PBXFileReference; lastKnownFileType = sourcecode.cpp.cpp; path = ofxGuiGroup.cpp; sourceTree = "<group>"; };
		48E9A455180CAD1A00120E24 /* ofxGuiGroup.h */ = {isa = PBXFileReference; lastKnownFileType = sourcecode.c.h; path = ofxGuiGroup.h; sourceTree = "<group>"; };
		48E9A456180CAD1A00120E24 /* ofxLabel.cpp */ = {isa = PBXFileReference; lastKnownFileType = sourcecode.cpp.cpp; path = ofxLabel.cpp; sourceTree = "<group>"; };
		48E9A457180CAD1A00120E24 /* ofxLabel.h */ = {isa = PBXFileReference; lastKnownFileType = sourcecode.c.h; path = ofxLabel.h; sourceTree = "<group>"; };
		48E9A458180CAD1A00120E24 /* ofxPanel.cpp */ = {isa = PBXFileReference; lastKnownFileType = sourcecode.cpp.cpp; path = ofxPanel.cpp; sourceTree = "<group>"; };
		48E9A459180CAD1A00120E24 /* ofxPanel.h */ = {isa = PBXFileReference; lastKnownFileType = sourcecode.c.h; path = ofxPanel.h; sourceTree = "<group>"; };
		48E9A45A180CAD1A00120E24 /* ofxSlider.cpp */ = {isa = PBXFileReference; lastKnownFileType = sourcecode.cpp.cpp; path = ofxSlider.cpp; sourceTree = "<group>"; };
		48E9A45B180CAD1A00120E24 /* ofxSlider.h */ = {isa = PBXFileReference; lastKnownFileType = sourcecode.c.h; path = ofxSlider.h; sourceTree = "<group>"; };
		48E9A45C180CAD1A00120E24 /* ofxSliderGroup.cpp */ = {isa = PBXFileReference; lastKnownFileType = sourcecode.cpp.cpp; path = ofxSliderGroup.cpp; sourceTree = "<group>"; };
		48E9A45D180CAD1A00120E24 /* ofxSliderGroup.h */ = {isa = PBXFileReference; lastKnownFileType = sourcecode.c.h; path = ofxSliderGroup.h; sourceTree = "<group>"; };
		48E9A45E180CAD1A00120E24 /* ofxToggle.cpp */ = {isa = PBXFileReference; lastKnownFileType = sourcecode.cpp.cpp; path = ofxToggle.cpp; sourceTree = "<group>"; };
		48E9A45F180CAD1A00120E24 /* ofxToggle.h */ = {isa = PBXFileReference; lastKnownFileType = sourcecode.c.h; path = ofxToggle.h; sourceTree = "<group>"; };
		48E9A462180CAD2D00120E24 /* ofxOsc.h */ = {isa = PBXFileReference; fileEncoding = 4; lastKnownFileType = sourcecode.c.h; name = ofxOsc.h; path = ../../../addons/ofxOsc/src/ofxOsc.h; sourceTree = "<group>"; };
		48E9A463180CAD2D00120E24 /* ofxOscArg.h */ = {isa = PBXFileReference; fileEncoding = 4; lastKnownFileType = sourcecode.c.h; name = ofxOscArg.h; path = ../../../addons/ofxOsc/src/ofxOscArg.h; sourceTree = "<group>"; };
		48E9A464180CAD2D00120E24 /* ofxOscBundle.cpp */ = {isa = PBXFileReference; fileEncoding = 4; lastKnownFileType = sourcecode.cpp.cpp; name = ofxOscBundle.cpp; path = ../../../addons/ofxOsc/src/ofxOscBundle.cpp; sourceTree = "<group>"; };
		48E9A465180CAD2D00120E24 /* ofxOscBundle.h */ = {isa = PBXFileReference; fileEncoding = 4; lastKnownFileType = sourcecode.c.h; name = ofxOscBundle.h; path = ../../../addons/ofxOsc/src/ofxOscBundle.h; sourceTree = "<group>"; };
		48E9A466180CAD2D00120E24 /* ofxOscMessage.cpp */ = {isa = PBXFileReference; fileEncoding = 4; lastKnownFileType = sourcecode.cpp.cpp; name = ofxOscMessage.cpp; path = ../../../addons/ofxOsc/src/ofxOscMessage.cpp; sourceTree = "<group>"; };
		48E9A467180CAD2D00120E24 /* ofxOscMessage.h */ = {isa = PBXFileReference; fileEncoding = 4; lastKnownFileType = sourcecode.c.h; name = ofxOscMessage.h; path = ../../../addons/ofxOsc/src/ofxOscMessage.h; sourceTree = "<group>"; };
		48E9A468180CAD2D00120E24 /* ofxOscParameterSync.cpp */ = {isa = PBXFileReference; fileEncoding = 4; lastKnownFileType = sourcecode.cpp.cpp; name = ofxOscParameterSync.cpp; path = ../../../addons/ofxOsc/src/ofxOscParameterSync.cpp; sourceTree = "<group>"; };
		48E9A469180CAD2D00120E24 /* ofxOscParameterSync.h */ = {isa = PBXFileReference; fileEncoding = 4; lastKnownFileType = sourcecode.c.h; name = ofxOscParameterSync.h; path = ../../../addons/ofxOsc/src/ofxOscParameterSync.h; sourceTree = "<group>"; };
		48E9A46A180CAD2D00120E24 /* ofxOscReceiver.cpp */ = {isa = PBXFileReference; fileEncoding = 4; lastKnownFileType = sourcecode.cpp.cpp; name = ofxOscReceiver.cpp; path = ../../../addons/ofxOsc/src/ofxOscReceiver.cpp; sourceTree = "<group>"; };
		48E9A46B180CAD2D00120E24 /* ofxOscReceiver.h */ = {isa = PBXFileReference; fileEncoding = 4; lastKnownFileType = sourcecode.c.h; name = ofxOscReceiver.h; path = ../../../addons/ofxOsc/src/ofxOscReceiver.h; sourceTree = "<group>"; };
		48E9A46C180CAD2D00120E24 /* ofxOscSender.cpp */ = {isa = PBXFileReference; fileEncoding = 4; lastKnownFileType = sourcecode.cpp.cpp; name = ofxOscSender.cpp; path = ../../../addons/ofxOsc/src/ofxOscSender.cpp; sourceTree = "<group>"; };
		48E9A46D180CAD2D00120E24 /* ofxOscSender.h */ = {isa = PBXFileReference; fileEncoding = 4; lastKnownFileType = sourcecode.c.h; name = ofxOscSender.h; path = ../../../addons/ofxOsc/src/ofxOscSender.h; sourceTree = "<group>"; };
		48E9A477180CAD3400120E24 /* IpEndpointName.cpp */ = {isa = PBXFileReference; lastKnownFileType = sourcecode.cpp.cpp; path = IpEndpointName.cpp; sourceTree = "<group>"; };
		48E9A478180CAD3400120E24 /* IpEndpointName.h */ = {isa = PBXFileReference; lastKnownFileType = sourcecode.c.h; path = IpEndpointName.h; sourceTree = "<group>"; };
		48E9A479180CAD3400120E24 /* NetworkingUtils.h */ = {isa = PBXFileReference; lastKnownFileType = sourcecode.c.h; path = NetworkingUtils.h; sourceTree = "<group>"; };
		48E9A47A180CAD3400120E24 /* PacketListener.h */ = {isa = PBXFileReference; lastKnownFileType = sourcecode.c.h; path = PacketListener.h; sourceTree = "<group>"; };
		48E9A47C180CAD3400120E24 /* NetworkingUtils.cpp */ = {isa = PBXFileReference; lastKnownFileType = sourcecode.cpp.cpp; path = NetworkingUtils.cpp; sourceTree = "<group>"; };
		48E9A47D180CAD3400120E24 /* UdpSocket.cpp */ = {isa = PBXFileReference; lastKnownFileType = sourcecode.cpp.cpp; path = UdpSocket.cpp; sourceTree = "<group>"; };
		48E9A47E180CAD3400120E24 /* TimerListener.h */ = {isa = PBXFileReference; lastKnownFileType = sourcecode.c.h; path = TimerListener.h; sourceTree = "<group>"; };
		48E9A47F180CAD3400120E24 /* UdpSocket.h */ = {isa = PBXFileReference; lastKnownFileType = sourcecode.c.h; path = UdpSocket.h; sourceTree = "<group>"; };
		48E9A484180CAD3400120E24 /* MessageMappingOscPacketListener.h */ = {isa = PBXFileReference; lastKnownFileType = sourcecode.c.h; path = MessageMappingOscPacketListener.h; sourceTree = "<group>"; };
		48E9A485180CAD3400120E24 /* OscException.h */ = {isa = PBXFileReference; lastKnownFileType = sourcecode.c.h; path = OscException.h; sourceTree = "<group>"; };
		48E9A486180CAD3400120E24 /* OscHostEndianness.h */ = {isa = PBXFileReference; lastKnownFileType = sourcecode.c.h; path = OscHostEndianness.h; sourceTree = "<group>"; };
		48E9A487180CAD3400120E24 /* OscOutboundPacketStream.cpp */ = {isa = PBXFileReference; lastKnownFileType = sourcecode.cpp.cpp; path = OscOutboundPacketStream.cpp; sourceTree = "<group>"; };
		48E9A488180CAD3400120E24 /* OscOutboundPacketStream.h */ = {isa = PBXFileReference; lastKnownFileType = sourcecode.c.h; path = OscOutboundPacketStream.h; sourceTree = "<group>"; };
		48E9A489180CAD3400120E24 /* OscPacketListener.h */ = {isa = PBXFileReference; lastKnownFileType = sourcecode.c.h; path = OscPacketListener.h; sourceTree = "<group>"; };
		48E9A48A180CAD3400120E24 /* OscPrintReceivedElements.cpp */ = {isa = PBXFileReference; lastKnownFileType = sourcecode.cpp.cpp; path = OscPrintReceivedElements.cpp; sourceTree = "<group>"; };
		48E9A48B180CAD3400120E24 /* OscPrintReceivedElements.h */ = {isa = PBXFileReference; lastKnownFileType = sourcecode.c.h; path = OscPrintReceivedElements.h; sourceTree = "<group>"; };
		48E9A48C180CAD3400120E24 /* OscReceivedElements.cpp */ = {isa = PBXFileReference; lastKnownFileType = sourcecode.cpp.cpp; path = OscReceivedElements.cpp; sourceTree = "<group>"; };
		48E9A48D180CAD3400120E24 /* OscReceivedElements.h */ = {isa = PBXFileReference; lastKnownFileType = sourcecode.c.h; path = OscReceivedElements.h; sourceTree = "<group>"; };
		48E9A48E180CAD3400120E24 /* OscTypes.cpp */ = {isa = PBXFileReference; lastKnownFileType = sourcecode.cpp.cpp; path = OscTypes.cpp; sourceTree = "<group>"; };
		48E9A48F180CAD3400120E24 /* OscTypes.h */ = {isa = PBXFileReference; lastKnownFileType = sourcecode.c.h; path = OscTypes.h; sourceTree = "<group>"; };
		48E9A4C4180CB0EE00120E24 /* StreamerGUI.cpp */ = {isa = PBXFileReference; lastKnownFileType = sourcecode.cpp.cpp; path = StreamerGUI.cpp; sourceTree = "<group>"; };
		48E9A4C5180CB0EE00120E24 /* StreamerGUI.h */ = {isa = PBXFileReference; lastKnownFileType = sourcecode.c.h; path = StreamerGUI.h; sourceTree = "<group>"; };
		48E9A4D1180CC8E300120E24 /* ofxXmlSettings.cpp */ = {isa = PBXFileReference; lastKnownFileType = sourcecode.cpp.cpp; path = ofxXmlSettings.cpp; sourceTree = "<group>"; };
		48E9A4D2180CC8E300120E24 /* ofxXmlSettings.h */ = {isa = PBXFileReference; lastKnownFileType = sourcecode.c.h; path = ofxXmlSettings.h; sourceTree = "<group>"; };
		48E9A4D4180CC8E800120E24 /* tinyxml.cpp */ = {isa = PBXFileReference; lastKnownFileType = sourcecode.cpp.cpp; path = tinyxml.cpp; sourceTree = "<group>"; };
		48E9A4D5180CC8E800120E24 /* tinyxml.h */ = {isa = PBXFileReference; lastKnownFileType = sourcecode.c.h; path = tinyxml.h; sourceTree = "<group>"; };
		48E9A4D6180CC8E800120E24 /* tinyxmlerror.cpp */ = {isa = PBXFileReference; lastKnownFileType = sourcecode.cpp.cpp; path = tinyxmlerror.cpp; sourceTree = "<group>"; };
		48E9A4D7180CC8E800120E24 /* tinyxmlparser.cpp */ = {isa = PBXFileReference; lastKnownFileType = sourcecode.cpp.cpp; path = tinyxmlparser.cpp; sourceTree = "<group>"; };
		BBAB23BE13894E4700AA2426 /* GLUT.framework */ = {isa = PBXFileReference; lastKnownFileType = wrapper.framework; name = GLUT.framework; path = ../../../libs/glut/lib/osx/GLUT.framework; sourceTree = "<group>"; };
		E4328143138ABC890047C5CB /* openFrameworksLib.xcodeproj */ = {isa = PBXFileReference; lastKnownFileType = "wrapper.pb-project"; name = openFrameworksLib.xcodeproj; path = ../../../libs/openFrameworksCompiled/project/osx/openFrameworksLib.xcodeproj; sourceTree = SOURCE_ROOT; };
		E45BE9710E8CC7DD009D7055 /* AGL.framework */ = {isa = PBXFileReference; lastKnownFileType = wrapper.framework; name = AGL.framework; path = /System/Library/Frameworks/AGL.framework; sourceTree = "<absolute>"; };
		E45BE9720E8CC7DD009D7055 /* ApplicationServices.framework */ = {isa = PBXFileReference; lastKnownFileType = wrapper.framework; name = ApplicationServices.framework; path = /System/Library/Frameworks/ApplicationServices.framework; sourceTree = "<absolute>"; };
		E45BE9730E8CC7DD009D7055 /* AudioToolbox.framework */ = {isa = PBXFileReference; lastKnownFileType = wrapper.framework; name = AudioToolbox.framework; path = /System/Library/Frameworks/AudioToolbox.framework; sourceTree = "<absolute>"; };
		E45BE9740E8CC7DD009D7055 /* Carbon.framework */ = {isa = PBXFileReference; lastKnownFileType = wrapper.framework; name = Carbon.framework; path = /System/Library/Frameworks/Carbon.framework; sourceTree = "<absolute>"; };
		E45BE9750E8CC7DD009D7055 /* CoreAudio.framework */ = {isa = PBXFileReference; lastKnownFileType = wrapper.framework; name = CoreAudio.framework; path = /System/Library/Frameworks/CoreAudio.framework; sourceTree = "<absolute>"; };
		E45BE9760E8CC7DD009D7055 /* CoreFoundation.framework */ = {isa = PBXFileReference; lastKnownFileType = wrapper.framework; name = CoreFoundation.framework; path = /System/Library/Frameworks/CoreFoundation.framework; sourceTree = "<absolute>"; };
		E45BE9770E8CC7DD009D7055 /* CoreServices.framework */ = {isa = PBXFileReference; lastKnownFileType = wrapper.framework; name = CoreServices.framework; path = /System/Library/Frameworks/CoreServices.framework; sourceTree = "<absolute>"; };
		E45BE9790E8CC7DD009D7055 /* OpenGL.framework */ = {isa = PBXFileReference; lastKnownFileType = wrapper.framework; name = OpenGL.framework; path = /System/Library/Frameworks/OpenGL.framework; sourceTree = "<absolute>"; };
		E45BE97A0E8CC7DD009D7055 /* QuickTime.framework */ = {isa = PBXFileReference; lastKnownFileType = wrapper.framework; name = QuickTime.framework; path = /System/Library/Frameworks/QuickTime.framework; sourceTree = "<absolute>"; };
		E4B69B5B0A3A1756003C02F2 /* Runtime_Streamer_GuiDebug.app */ = {isa = PBXFileReference; explicitFileType = wrapper.application; includeInIndex = 0; path = Runtime_Streamer_GuiDebug.app; sourceTree = BUILT_PRODUCTS_DIR; };
		E4B69E1D0A3A1BDC003C02F2 /* main.cpp */ = {isa = PBXFileReference; fileEncoding = 30; lastKnownFileType = sourcecode.cpp.cpp; name = main.cpp; path = src/main.cpp; sourceTree = SOURCE_ROOT; };
		E4B69E1E0A3A1BDC003C02F2 /* testApp.cpp */ = {isa = PBXFileReference; explicitFileType = sourcecode.cpp.cpp; fileEncoding = 30; name = testApp.cpp; path = src/testApp.cpp; sourceTree = SOURCE_ROOT; };
		E4B69E1F0A3A1BDC003C02F2 /* testApp.h */ = {isa = PBXFileReference; fileEncoding = 30; lastKnownFileType = sourcecode.c.h; name = testApp.h; path = src/testApp.h; sourceTree = SOURCE_ROOT; };
		E4B6FCAD0C3E899E008CF71C /* openFrameworks-Info.plist */ = {isa = PBXFileReference; fileEncoding = 30; lastKnownFileType = text.plist.xml; path = "openFrameworks-Info.plist"; sourceTree = "<group>"; };
		E4C2424410CC5A17004149E2 /* AppKit.framework */ = {isa = PBXFileReference; lastKnownFileType = wrapper.framework; name = AppKit.framework; path = /System/Library/Frameworks/AppKit.framework; sourceTree = "<absolute>"; };
		E4C2424510CC5A17004149E2 /* Cocoa.framework */ = {isa = PBXFileReference; lastKnownFileType = wrapper.framework; name = Cocoa.framework; path = /System/Library/Frameworks/Cocoa.framework; sourceTree = "<absolute>"; };
		E4C2424610CC5A17004149E2 /* IOKit.framework */ = {isa = PBXFileReference; lastKnownFileType = wrapper.framework; name = IOKit.framework; path = /System/Library/Frameworks/IOKit.framework; sourceTree = "<absolute>"; };
		E4EB691F138AFCF100A09F29 /* CoreOF.xcconfig */ = {isa = PBXFileReference; fileEncoding = 4; lastKnownFileType = text.xcconfig; name = CoreOF.xcconfig; path = ../../../libs/openFrameworksCompiled/project/osx/CoreOF.xcconfig; sourceTree = SOURCE_ROOT; };
		E4EB6923138AFD0F00A09F29 /* Project.xcconfig */ = {isa = PBXFileReference; fileEncoding = 4; lastKnownFileType = text.xcconfig; path = Project.xcconfig; sourceTree = "<group>"; };
		E7E077E415D3B63C0020DFD4 /* CoreVideo.framework */ = {isa = PBXFileReference; lastKnownFileType = wrapper.framework; name = CoreVideo.framework; path = /System/Library/Frameworks/CoreVideo.framework; sourceTree = "<absolute>"; };
		E7E077E715D3B6510020DFD4 /* QTKit.framework */ = {isa = PBXFileReference; lastKnownFileType = wrapper.framework; name = QTKit.framework; path = /System/Library/Frameworks/QTKit.framework; sourceTree = "<absolute>"; };
		E7F985F515E0DE99003869B5 /* Accelerate.framework */ = {isa = PBXFileReference; lastKnownFileType = wrapper.framework; name = Accelerate.framework; path = /System/Library/Frameworks/Accelerate.framework; sourceTree = "<absolute>"; };
/* End PBXFileReference section */

/* Begin PBXFrameworksBuildPhase section */
		E4B69B590A3A1756003C02F2 /* Frameworks */ = {
			isa = PBXFrameworksBuildPhase;
			buildActionMask = 2147483647;
			files = (
				E7F985F815E0DEA3003869B5 /* Accelerate.framework in Frameworks */,
				E7E077E815D3B6510020DFD4 /* QTKit.framework in Frameworks */,
				E4EB6799138ADC1D00A09F29 /* GLUT.framework in Frameworks */,
				E4328149138ABC9F0047C5CB /* openFrameworksDebug.a in Frameworks */,
				E45BE97B0E8CC7DD009D7055 /* AGL.framework in Frameworks */,
				E45BE97C0E8CC7DD009D7055 /* ApplicationServices.framework in Frameworks */,
				E45BE97D0E8CC7DD009D7055 /* AudioToolbox.framework in Frameworks */,
				E45BE97E0E8CC7DD009D7055 /* Carbon.framework in Frameworks */,
				E45BE97F0E8CC7DD009D7055 /* CoreAudio.framework in Frameworks */,
				E45BE9800E8CC7DD009D7055 /* CoreFoundation.framework in Frameworks */,
				E45BE9810E8CC7DD009D7055 /* CoreServices.framework in Frameworks */,
				E45BE9830E8CC7DD009D7055 /* OpenGL.framework in Frameworks */,
				E45BE9840E8CC7DD009D7055 /* QuickTime.framework in Frameworks */,
				E4C2424710CC5A17004149E2 /* AppKit.framework in Frameworks */,
				E4C2424810CC5A17004149E2 /* Cocoa.framework in Frameworks */,
				E4C2424910CC5A17004149E2 /* IOKit.framework in Frameworks */,
				E7E077E515D3B63C0020DFD4 /* CoreVideo.framework in Frameworks */,
			);
			runOnlyForDeploymentPostprocessing = 0;
		};
/* End PBXFrameworksBuildPhase section */

/* Begin PBXGroup section */
		48E9A44D180CACA700120E24 /* ofxGui */ = {
			isa = PBXGroup;
			children = (
				48E9A44E180CAD1A00120E24 /* src */,
			);
			name = ofxGui;
			sourceTree = "<group>";
		};
		48E9A44E180CAD1A00120E24 /* src */ = {
			isa = PBXGroup;
			children = (
				48E9A44F180CAD1A00120E24 /* ofxBaseGui.cpp */,
				48E9A450180CAD1A00120E24 /* ofxBaseGui.h */,
				48E9A451180CAD1A00120E24 /* ofxButton.cpp */,
				48E9A452180CAD1A00120E24 /* ofxButton.h */,
				48E9A453180CAD1A00120E24 /* ofxGui.h */,
				48E9A454180CAD1A00120E24 /* ofxGuiGroup.cpp */,
				48E9A455180CAD1A00120E24 /* ofxGuiGroup.h */,
				48E9A456180CAD1A00120E24 /* ofxLabel.cpp */,
				48E9A457180CAD1A00120E24 /* ofxLabel.h */,
				48E9A458180CAD1A00120E24 /* ofxPanel.cpp */,
				48E9A459180CAD1A00120E24 /* ofxPanel.h */,
				48E9A45A180CAD1A00120E24 /* ofxSlider.cpp */,
				48E9A45B180CAD1A00120E24 /* ofxSlider.h */,
				48E9A45C180CAD1A00120E24 /* ofxSliderGroup.cpp */,
				48E9A45D180CAD1A00120E24 /* ofxSliderGroup.h */,
				48E9A45E180CAD1A00120E24 /* ofxToggle.cpp */,
				48E9A45F180CAD1A00120E24 /* ofxToggle.h */,
			);
			name = src;
			path = ../../../addons/ofxGui/src;
			sourceTree = "<group>";
		};
		48E9A460180CAD1C00120E24 /* ofxOsc */ = {
			isa = PBXGroup;
			children = (
				48E9A473180CAD3400120E24 /* libs */,
				48E9A461180CAD2200120E24 /* src */,
			);
			name = ofxOsc;
			sourceTree = "<group>";
		};
		48E9A461180CAD2200120E24 /* src */ = {
			isa = PBXGroup;
			children = (
				48E9A462180CAD2D00120E24 /* ofxOsc.h */,
				48E9A463180CAD2D00120E24 /* ofxOscArg.h */,
				48E9A464180CAD2D00120E24 /* ofxOscBundle.cpp */,
				48E9A465180CAD2D00120E24 /* ofxOscBundle.h */,
				48E9A466180CAD2D00120E24 /* ofxOscMessage.cpp */,
				48E9A467180CAD2D00120E24 /* ofxOscMessage.h */,
				48E9A468180CAD2D00120E24 /* ofxOscParameterSync.cpp */,
				48E9A469180CAD2D00120E24 /* ofxOscParameterSync.h */,
				48E9A46A180CAD2D00120E24 /* ofxOscReceiver.cpp */,
				48E9A46B180CAD2D00120E24 /* ofxOscReceiver.h */,
				48E9A46C180CAD2D00120E24 /* ofxOscSender.cpp */,
				48E9A46D180CAD2D00120E24 /* ofxOscSender.h */,
			);
			name = src;
			sourceTree = "<group>";
		};
		48E9A473180CAD3400120E24 /* libs */ = {
			isa = PBXGroup;
			children = (
				48E9A474180CAD3400120E24 /* oscpack */,
			);
			name = libs;
			path = ../../../addons/ofxOsc/libs;
			sourceTree = "<group>";
		};
		48E9A474180CAD3400120E24 /* oscpack */ = {
			isa = PBXGroup;
			children = (
				48E9A475180CAD3400120E24 /* src */,
			);
			path = oscpack;
			sourceTree = "<group>";
		};
		48E9A475180CAD3400120E24 /* src */ = {
			isa = PBXGroup;
			children = (
				48E9A476180CAD3400120E24 /* ip */,
				48E9A483180CAD3400120E24 /* osc */,
			);
			path = src;
			sourceTree = "<group>";
		};
		48E9A476180CAD3400120E24 /* ip */ = {
			isa = PBXGroup;
			children = (
				48E9A477180CAD3400120E24 /* IpEndpointName.cpp */,
				48E9A478180CAD3400120E24 /* IpEndpointName.h */,
				48E9A479180CAD3400120E24 /* NetworkingUtils.h */,
				48E9A47A180CAD3400120E24 /* PacketListener.h */,
				48E9A47B180CAD3400120E24 /* posix */,
				48E9A47E180CAD3400120E24 /* TimerListener.h */,
				48E9A47F180CAD3400120E24 /* UdpSocket.h */,
			);
			path = ip;
			sourceTree = "<group>";
		};
		48E9A47B180CAD3400120E24 /* posix */ = {
			isa = PBXGroup;
			children = (
				48E9A47C180CAD3400120E24 /* NetworkingUtils.cpp */,
				48E9A47D180CAD3400120E24 /* UdpSocket.cpp */,
			);
			path = posix;
			sourceTree = "<group>";
		};
		48E9A483180CAD3400120E24 /* osc */ = {
			isa = PBXGroup;
			children = (
				48E9A484180CAD3400120E24 /* MessageMappingOscPacketListener.h */,
				48E9A485180CAD3400120E24 /* OscException.h */,
				48E9A486180CAD3400120E24 /* OscHostEndianness.h */,
				48E9A487180CAD3400120E24 /* OscOutboundPacketStream.cpp */,
				48E9A488180CAD3400120E24 /* OscOutboundPacketStream.h */,
				48E9A489180CAD3400120E24 /* OscPacketListener.h */,
				48E9A48A180CAD3400120E24 /* OscPrintReceivedElements.cpp */,
				48E9A48B180CAD3400120E24 /* OscPrintReceivedElements.h */,
				48E9A48C180CAD3400120E24 /* OscReceivedElements.cpp */,
				48E9A48D180CAD3400120E24 /* OscReceivedElements.h */,
				48E9A48E180CAD3400120E24 /* OscTypes.cpp */,
				48E9A48F180CAD3400120E24 /* OscTypes.h */,
			);
			path = osc;
			sourceTree = "<group>";
		};
		48E9A4C3180CB0EE00120E24 /* GUI */ = {
			isa = PBXGroup;
			children = (
				48E9A4C4180CB0EE00120E24 /* StreamerGUI.cpp */,
				48E9A4C5180CB0EE00120E24 /* StreamerGUI.h */,
			);
			name = GUI;
			path = ../../Shared/GUI;
			sourceTree = "<group>";
		};
		48E9A4CF180CC8D700120E24 /* ofxXmlSettings */ = {
			isa = PBXGroup;
			children = (
				48E9A4D3180CC8E800120E24 /* libs */,
				48E9A4D0180CC8E300120E24 /* src */,
			);
			name = ofxXmlSettings;
			sourceTree = "<group>";
		};
		48E9A4D0180CC8E300120E24 /* src */ = {
			isa = PBXGroup;
			children = (
				48E9A4D1180CC8E300120E24 /* ofxXmlSettings.cpp */,
				48E9A4D2180CC8E300120E24 /* ofxXmlSettings.h */,
			);
			name = src;
			path = ../../../addons/ofxXmlSettings/src;
			sourceTree = "<group>";
		};
		48E9A4D3180CC8E800120E24 /* libs */ = {
			isa = PBXGroup;
			children = (
				48E9A4D4180CC8E800120E24 /* tinyxml.cpp */,
				48E9A4D5180CC8E800120E24 /* tinyxml.h */,
				48E9A4D6180CC8E800120E24 /* tinyxmlerror.cpp */,
				48E9A4D7180CC8E800120E24 /* tinyxmlparser.cpp */,
			);
			name = libs;
			path = ../../../addons/ofxXmlSettings/libs;
			sourceTree = "<group>";
		};
		BB4B014C10F69532006C3DED /* addons */ = {
			isa = PBXGroup;
			children = (
				48E9A4CF180CC8D700120E24 /* ofxXmlSettings */,
				48E9A460180CAD1C00120E24 /* ofxOsc */,
				48E9A44D180CACA700120E24 /* ofxGui */,
			);
			name = addons;
			sourceTree = "<group>";
		};
		BBAB23C913894ECA00AA2426 /* system frameworks */ = {
			isa = PBXGroup;
			children = (
				E7F985F515E0DE99003869B5 /* Accelerate.framework */,
				E4C2424410CC5A17004149E2 /* AppKit.framework */,
				E4C2424510CC5A17004149E2 /* Cocoa.framework */,
				E4C2424610CC5A17004149E2 /* IOKit.framework */,
				E45BE9710E8CC7DD009D7055 /* AGL.framework */,
				E45BE9720E8CC7DD009D7055 /* ApplicationServices.framework */,
				E45BE9730E8CC7DD009D7055 /* AudioToolbox.framework */,
				E45BE9740E8CC7DD009D7055 /* Carbon.framework */,
				E45BE9750E8CC7DD009D7055 /* CoreAudio.framework */,
				E45BE9760E8CC7DD009D7055 /* CoreFoundation.framework */,
				E45BE9770E8CC7DD009D7055 /* CoreServices.framework */,
				E45BE9790E8CC7DD009D7055 /* OpenGL.framework */,
				E45BE97A0E8CC7DD009D7055 /* QuickTime.framework */,
				E7E077E415D3B63C0020DFD4 /* CoreVideo.framework */,
				E7E077E715D3B6510020DFD4 /* QTKit.framework */,
			);
			name = "system frameworks";
			sourceTree = "<group>";
		};
		BBAB23CA13894EDB00AA2426 /* 3rd party frameworks */ = {
			isa = PBXGroup;
			children = (
				BBAB23BE13894E4700AA2426 /* GLUT.framework */,
			);
			name = "3rd party frameworks";
			sourceTree = "<group>";
		};
		E4328144138ABC890047C5CB /* Products */ = {
			isa = PBXGroup;
			children = (
				E4328148138ABC890047C5CB /* openFrameworksDebug.a */,
			);
			name = Products;
			sourceTree = "<group>";
		};
		E45BE5980E8CC70C009D7055 /* frameworks */ = {
			isa = PBXGroup;
			children = (
				BBAB23CA13894EDB00AA2426 /* 3rd party frameworks */,
				BBAB23C913894ECA00AA2426 /* system frameworks */,
			);
			name = frameworks;
			sourceTree = "<group>";
		};
		E4B69B4A0A3A1720003C02F2 = {
			isa = PBXGroup;
			children = (
				E4B6FCAD0C3E899E008CF71C /* openFrameworks-Info.plist */,
				E4EB6923138AFD0F00A09F29 /* Project.xcconfig */,
				E4B69E1C0A3A1BDC003C02F2 /* src */,
				E4EEC9E9138DF44700A80321 /* openFrameworks */,
				BB4B014C10F69532006C3DED /* addons */,
				E45BE5980E8CC70C009D7055 /* frameworks */,
				E4B69B5B0A3A1756003C02F2 /* Runtime_Streamer_GuiDebug.app */,
			);
			sourceTree = "<group>";
		};
		E4B69E1C0A3A1BDC003C02F2 /* src */ = {
			isa = PBXGroup;
			children = (
				48E9A4C3180CB0EE00120E24 /* GUI */,
				E4B69E1D0A3A1BDC003C02F2 /* main.cpp */,
				E4B69E1E0A3A1BDC003C02F2 /* testApp.cpp */,
				E4B69E1F0A3A1BDC003C02F2 /* testApp.h */,
			);
			path = src;
			sourceTree = SOURCE_ROOT;
		};
		E4EEC9E9138DF44700A80321 /* openFrameworks */ = {
			isa = PBXGroup;
			children = (
				E4EB691F138AFCF100A09F29 /* CoreOF.xcconfig */,
				E4328143138ABC890047C5CB /* openFrameworksLib.xcodeproj */,
			);
			name = openFrameworks;
			sourceTree = "<group>";
		};
/* End PBXGroup section */

/* Begin PBXNativeTarget section */
		E4B69B5A0A3A1756003C02F2 /* Runtime_Streamer_Gui */ = {
			isa = PBXNativeTarget;
			buildConfigurationList = E4B69B5F0A3A1757003C02F2 /* Build configuration list for PBXNativeTarget "Runtime_Streamer_Gui" */;
			buildPhases = (
				E4B69B580A3A1756003C02F2 /* Sources */,
				E4B69B590A3A1756003C02F2 /* Frameworks */,
				E4B6FFFD0C3F9AB9008CF71C /* ShellScript */,
				E4C2427710CC5ABF004149E2 /* CopyFiles */,
			);
			buildRules = (
			);
			dependencies = (
				E4EEB9AC138B136A00A80321 /* PBXTargetDependency */,
			);
			name = Runtime_Streamer_Gui;
			productName = myOFApp;
			productReference = E4B69B5B0A3A1756003C02F2 /* Runtime_Streamer_GuiDebug.app */;
			productType = "com.apple.product-type.application";
		};
/* End PBXNativeTarget section */

/* Begin PBXProject section */
		E4B69B4C0A3A1720003C02F2 /* Project object */ = {
			isa = PBXProject;
			attributes = {
				LastUpgradeCheck = 0460;
			};
			buildConfigurationList = E4B69B4D0A3A1720003C02F2 /* Build configuration list for PBXProject "Runtime_Streamer_Gui" */;
			compatibilityVersion = "Xcode 3.2";
			developmentRegion = English;
			hasScannedForEncodings = 0;
			knownRegions = (
				English,
				Japanese,
				French,
				German,
			);
			mainGroup = E4B69B4A0A3A1720003C02F2;
			productRefGroup = E4B69B4A0A3A1720003C02F2;
			projectDirPath = "";
			projectReferences = (
				{
					ProductGroup = E4328144138ABC890047C5CB /* Products */;
					ProjectRef = E4328143138ABC890047C5CB /* openFrameworksLib.xcodeproj */;
				},
			);
			projectRoot = "";
			targets = (
				E4B69B5A0A3A1756003C02F2 /* Runtime_Streamer_Gui */,
			);
		};
/* End PBXProject section */

/* Begin PBXReferenceProxy section */
		E4328148138ABC890047C5CB /* openFrameworksDebug.a */ = {
			isa = PBXReferenceProxy;
			fileType = archive.ar;
			path = openFrameworksDebug.a;
			remoteRef = E4328147138ABC890047C5CB /* PBXContainerItemProxy */;
			sourceTree = BUILT_PRODUCTS_DIR;
		};
/* End PBXReferenceProxy section */

/* Begin PBXShellScriptBuildPhase section */
		E4B6FFFD0C3F9AB9008CF71C /* ShellScript */ = {
			isa = PBXShellScriptBuildPhase;
			buildActionMask = 2147483647;
			files = (
			);
			inputPaths = (
			);
			outputPaths = (
			);
			runOnlyForDeploymentPostprocessing = 0;
			shellPath = /bin/sh;
			shellScript = "cp -f ../../../libs/fmodex/lib/osx/libfmodex.dylib \"$TARGET_BUILD_DIR/$PRODUCT_NAME.app/Contents/MacOS/libfmodex.dylib\"; install_name_tool -change ./libfmodex.dylib @executable_path/libfmodex.dylib \"$TARGET_BUILD_DIR/$PRODUCT_NAME.app/Contents/MacOS/$PRODUCT_NAME\";\nmkdir -p \"$TARGET_BUILD_DIR/$PRODUCT_NAME.app/Contents/Resources/\"\ncp -f \"$ICON_FILE\" \"$TARGET_BUILD_DIR/$PRODUCT_NAME.app/Contents/Resources/\"\n";
		};
/* End PBXShellScriptBuildPhase section */

/* Begin PBXSourcesBuildPhase section */
		E4B69B580A3A1756003C02F2 /* Sources */ = {
			isa = PBXSourcesBuildPhase;
			buildActionMask = 2147483647;
			files = (
				48E9A4D8180CCA9000120E24 /* tinyxml.cpp in Sources */,
				48E9A4D9180CCA9000120E24 /* tinyxml.h in Sources */,
				48E9A4DA180CCA9000120E24 /* tinyxmlerror.cpp in Sources */,
				48E9A4DB180CCA9000120E24 /* tinyxmlparser.cpp in Sources */,
				48E9A4DC180CCA9000120E24 /* ofxXmlSettings.cpp in Sources */,
				48E9A4DD180CCA9000120E24 /* ofxXmlSettings.h in Sources */,
				48E9A4C9180CB59A00120E24 /* StreamerGUI.cpp in Sources */,
				48E9A4CA180CB59A00120E24 /* StreamerGUI.h in Sources */,
				48E9A490180CADD100120E24 /* IpEndpointName.cpp in Sources */,
				48E9A491180CADD100120E24 /* IpEndpointName.h in Sources */,
				48E9A492180CADD100120E24 /* NetworkingUtils.h in Sources */,
				48E9A493180CADD100120E24 /* PacketListener.h in Sources */,
				48E9A494180CADD100120E24 /* NetworkingUtils.cpp in Sources */,
				48E9A495180CADD100120E24 /* UdpSocket.cpp in Sources */,
				48E9A496180CADD100120E24 /* TimerListener.h in Sources */,
				48E9A497180CADD100120E24 /* UdpSocket.h in Sources */,
				48E9A498180CADD100120E24 /* MessageMappingOscPacketListener.h in Sources */,
				48E9A499180CADD100120E24 /* OscException.h in Sources */,
				48E9A49A180CADD100120E24 /* OscHostEndianness.h in Sources */,
				48E9A49B180CADD100120E24 /* OscOutboundPacketStream.cpp in Sources */,
				48E9A49C180CADD100120E24 /* OscOutboundPacketStream.h in Sources */,
				48E9A49D180CADD100120E24 /* OscPacketListener.h in Sources */,
				48E9A49E180CADD100120E24 /* OscPrintReceivedElements.cpp in Sources */,
				48E9A49F180CADD100120E24 /* OscPrintReceivedElements.h in Sources */,
				48E9A4A0180CADD100120E24 /* OscReceivedElements.cpp in Sources */,
				48E9A4A1180CADD100120E24 /* OscReceivedElements.h in Sources */,
				48E9A4A2180CADD100120E24 /* OscTypes.cpp in Sources */,
				48E9A4A3180CADD100120E24 /* OscTypes.h in Sources */,
				48E9A4A4180CADD100120E24 /* ofxOsc.h in Sources */,
				48E9A4A5180CADD100120E24 /* ofxOscArg.h in Sources */,
				48E9A4A6180CADD100120E24 /* ofxOscBundle.h in Sources */,
				48E9A4A7180CADD100120E24 /* ofxOscMessage.h in Sources */,
				48E9A4A8180CADD100120E24 /* ofxOscParameterSync.h in Sources */,
				48E9A4A9180CADD100120E24 /* ofxOscReceiver.h in Sources */,
				48E9A4AA180CADD100120E24 /* ofxOscSender.h in Sources */,
				48E9A4AB180CADD100120E24 /* ofxBaseGui.cpp in Sources */,
				48E9A4AC180CADD100120E24 /* ofxBaseGui.h in Sources */,
				48E9A4AD180CADD100120E24 /* ofxButton.cpp in Sources */,
				48E9A4AE180CADD100120E24 /* ofxButton.h in Sources */,
				48E9A4AF180CADD100120E24 /* ofxGui.h in Sources */,
				48E9A4B0180CADD100120E24 /* ofxGuiGroup.cpp in Sources */,
				48E9A4B1180CADD100120E24 /* ofxGuiGroup.h in Sources */,
				48E9A4B2180CADD100120E24 /* ofxLabel.cpp in Sources */,
				48E9A4B3180CADD100120E24 /* ofxLabel.h in Sources */,
				48E9A4B4180CADD100120E24 /* ofxPanel.cpp in Sources */,
				48E9A4B5180CADD100120E24 /* ofxPanel.h in Sources */,
				48E9A4B6180CADD100120E24 /* ofxSlider.cpp in Sources */,
				48E9A4B7180CADD100120E24 /* ofxSlider.h in Sources */,
				48E9A4B8180CADD100120E24 /* ofxSliderGroup.cpp in Sources */,
				48E9A4B9180CADD100120E24 /* ofxSliderGroup.h in Sources */,
				48E9A4BA180CADD100120E24 /* ofxToggle.cpp in Sources */,
				48E9A4BB180CADD100120E24 /* ofxToggle.h in Sources */,
				48E9A46E180CAD2D00120E24 /* ofxOscBundle.cpp in Sources */,
				48E9A470180CAD2D00120E24 /* ofxOscParameterSync.cpp in Sources */,
				48E9A46F180CAD2D00120E24 /* ofxOscMessage.cpp in Sources */,
				E4B69E200A3A1BDC003C02F2 /* main.cpp in Sources */,
				48E9A471180CAD2D00120E24 /* ofxOscReceiver.cpp in Sources */,
				48E9A472180CAD2D00120E24 /* ofxOscSender.cpp in Sources */,
				E4B69E210A3A1BDC003C02F2 /* testApp.cpp in Sources */,
			);
			runOnlyForDeploymentPostprocessing = 0;
		};
/* End PBXSourcesBuildPhase section */

/* Begin PBXTargetDependency section */
		E4EEB9AC138B136A00A80321 /* PBXTargetDependency */ = {
			isa = PBXTargetDependency;
			name = openFrameworks;
			targetProxy = E4EEB9AB138B136A00A80321 /* PBXContainerItemProxy */;
		};
/* End PBXTargetDependency section */

/* Begin XCBuildConfiguration section */
		E4B69B4E0A3A1720003C02F2 /* Debug */ = {
			isa = XCBuildConfiguration;
			baseConfigurationReference = E4EB6923138AFD0F00A09F29 /* Project.xcconfig */;
			buildSettings = {
				ARCHS = "$(NATIVE_ARCH)";
				CONFIGURATION_BUILD_DIR = "$(SRCROOT)/bin/";
				COPY_PHASE_STRIP = NO;
				DEAD_CODE_STRIPPING = YES;
				GCC_AUTO_VECTORIZATION = YES;
				GCC_ENABLE_SSE3_EXTENSIONS = YES;
				GCC_ENABLE_SUPPLEMENTAL_SSE3_INSTRUCTIONS = YES;
				GCC_INLINES_ARE_PRIVATE_EXTERN = NO;
				GCC_OPTIMIZATION_LEVEL = 0;
				GCC_SYMBOLS_PRIVATE_EXTERN = NO;
				GCC_WARN_ABOUT_DEPRECATED_FUNCTIONS = YES;
				GCC_WARN_ABOUT_INVALID_OFFSETOF_MACRO = NO;
				GCC_WARN_ALLOW_INCOMPLETE_PROTOCOL = NO;
				GCC_WARN_UNINITIALIZED_AUTOS = NO;
				GCC_WARN_UNUSED_VALUE = NO;
				GCC_WARN_UNUSED_VARIABLE = NO;
				HEADER_SEARCH_PATHS = (
					"$(OF_CORE_HEADERS)",
					src,
				);
				MACOSX_DEPLOYMENT_TARGET = 10.6;
				OTHER_CPLUSPLUSFLAGS = (
					"-D__MACOSX_CORE__",
					"-lpthread",
					"-mtune=native",
				);
				SDKROOT = macosx;
			};
			name = Debug;
		};
		E4B69B4F0A3A1720003C02F2 /* Release */ = {
			isa = XCBuildConfiguration;
			baseConfigurationReference = E4EB6923138AFD0F00A09F29 /* Project.xcconfig */;
			buildSettings = {
				ARCHS = "$(NATIVE_ARCH)";
				CONFIGURATION_BUILD_DIR = "$(SRCROOT)/bin/";
				COPY_PHASE_STRIP = YES;
				DEAD_CODE_STRIPPING = YES;
				GCC_AUTO_VECTORIZATION = YES;
				GCC_ENABLE_SSE3_EXTENSIONS = YES;
				GCC_ENABLE_SUPPLEMENTAL_SSE3_INSTRUCTIONS = YES;
				GCC_INLINES_ARE_PRIVATE_EXTERN = NO;
				GCC_OPTIMIZATION_LEVEL = 3;
				GCC_SYMBOLS_PRIVATE_EXTERN = NO;
				GCC_UNROLL_LOOPS = YES;
				GCC_WARN_ABOUT_DEPRECATED_FUNCTIONS = YES;
				GCC_WARN_ABOUT_INVALID_OFFSETOF_MACRO = NO;
				GCC_WARN_ALLOW_INCOMPLETE_PROTOCOL = NO;
				GCC_WARN_UNINITIALIZED_AUTOS = NO;
				GCC_WARN_UNUSED_VALUE = NO;
				GCC_WARN_UNUSED_VARIABLE = NO;
				HEADER_SEARCH_PATHS = (
					"$(OF_CORE_HEADERS)",
					src,
				);
				MACOSX_DEPLOYMENT_TARGET = 10.6;
				OTHER_CPLUSPLUSFLAGS = (
					"-D__MACOSX_CORE__",
					"-lpthread",
					"-mtune=native",
				);
				SDKROOT = macosx;
			};
			name = Release;
		};
		E4B69B600A3A1757003C02F2 /* Debug */ = {
			isa = XCBuildConfiguration;
			buildSettings = {
				COMBINE_HIDPI_IMAGES = YES;
				COPY_PHASE_STRIP = NO;
				FRAMEWORK_SEARCH_PATHS = (
					"$(inherited)",
					"$(FRAMEWORK_SEARCH_PATHS_QUOTED_FOR_TARGET_1)",
				);
				FRAMEWORK_SEARCH_PATHS_QUOTED_FOR_TARGET_1 = "\"$(SRCROOT)/../../../libs/glut/lib/osx\"";
				GCC_DYNAMIC_NO_PIC = NO;
				GCC_GENERATE_DEBUGGING_SYMBOLS = YES;
				GCC_MODEL_TUNING = NONE;
				HEADER_SEARCH_PATHS = (
					"$(OF_CORE_HEADERS)",
					src,
					./../../../addons/ofxOsc/libs/oscpack/src/,
					"\"$(SRCROOT)/../Shared/GUI\"",
				);
				ICON = "$(ICON_NAME_DEBUG)";
				ICON_FILE = "$(ICON_FILE_PATH)$(ICON)";
				INFOPLIST_FILE = "openFrameworks-Info.plist";
				INSTALL_PATH = "$(HOME)/Applications";
				LIBRARY_SEARCH_PATHS = (
					"$(inherited)",
					"$(LIBRARY_SEARCH_PATHS_QUOTED_FOR_TARGET_1)",
					"$(LIBRARY_SEARCH_PATHS_QUOTED_FOR_TARGET_2)",
					"$(LIBRARY_SEARCH_PATHS_QUOTED_FOR_TARGET_3)",
					"$(LIBRARY_SEARCH_PATHS_QUOTED_FOR_TARGET_4)",
					"$(LIBRARY_SEARCH_PATHS_QUOTED_FOR_TARGET_5)",
					"$(LIBRARY_SEARCH_PATHS_QUOTED_FOR_TARGET_6)",
					"$(LIBRARY_SEARCH_PATHS_QUOTED_FOR_TARGET_7)",
					"$(LIBRARY_SEARCH_PATHS_QUOTED_FOR_TARGET_8)",
					"$(LIBRARY_SEARCH_PATHS_QUOTED_FOR_TARGET_9)",
					"$(LIBRARY_SEARCH_PATHS_QUOTED_FOR_TARGET_10)",
					"$(LIBRARY_SEARCH_PATHS_QUOTED_FOR_TARGET_11)",
					"$(LIBRARY_SEARCH_PATHS_QUOTED_FOR_TARGET_12)",
					"$(LIBRARY_SEARCH_PATHS_QUOTED_FOR_TARGET_13)",
					"$(LIBRARY_SEARCH_PATHS_QUOTED_FOR_TARGET_14)",
					"$(LIBRARY_SEARCH_PATHS_QUOTED_FOR_TARGET_15)",
					"$(LIBRARY_SEARCH_PATHS_QUOTED_FOR_TARGET_2)",
					"$(LIBRARY_SEARCH_PATHS_QUOTED_FOR_TARGET_3)",
					"$(LIBRARY_SEARCH_PATHS_QUOTED_FOR_TARGET_7)",
					"$(LIBRARY_SEARCH_PATHS_QUOTED_FOR_TARGET_8)",
					"$(LIBRARY_SEARCH_PATHS_QUOTED_FOR_TARGET_9)",
					"$(LIBRARY_SEARCH_PATHS_QUOTED_FOR_TARGET_10)",
					"$(LIBRARY_SEARCH_PATHS_QUOTED_FOR_TARGET_11)",
					"$(LIBRARY_SEARCH_PATHS_QUOTED_FOR_TARGET_12)",
					"$(LIBRARY_SEARCH_PATHS_QUOTED_FOR_TARGET_13)",
					"$(LIBRARY_SEARCH_PATHS_QUOTED_FOR_TARGET_16)",
					"$(LIBRARY_SEARCH_PATHS_QUOTED_FOR_TARGET_17)",
					"$(LIBRARY_SEARCH_PATHS_QUOTED_FOR_TARGET_18)",
					"$(LIBRARY_SEARCH_PATHS_QUOTED_FOR_TARGET_19)",
					"$(LIBRARY_SEARCH_PATHS_QUOTED_FOR_TARGET_20)",
					"$(LIBRARY_SEARCH_PATHS_QUOTED_FOR_TARGET_21)",
					"$(LIBRARY_SEARCH_PATHS_QUOTED_FOR_TARGET_22)",
					"$(LIBRARY_SEARCH_PATHS_QUOTED_FOR_TARGET_23)",
					"$(LIBRARY_SEARCH_PATHS_QUOTED_FOR_TARGET_24)",
					"$(LIBRARY_SEARCH_PATHS_QUOTED_FOR_TARGET_25)",
					"$(LIBRARY_SEARCH_PATHS_QUOTED_FOR_TARGET_26)",
					"$(LIBRARY_SEARCH_PATHS_QUOTED_FOR_TARGET_27)",
					"$(LIBRARY_SEARCH_PATHS_QUOTED_FOR_TARGET_28)",
					"$(LIBRARY_SEARCH_PATHS_QUOTED_FOR_TARGET_29)",
					"$(LIBRARY_SEARCH_PATHS_QUOTED_FOR_TARGET_30)",
					"$(LIBRARY_SEARCH_PATHS_QUOTED_FOR_TARGET_31)",
					"$(LIBRARY_SEARCH_PATHS_QUOTED_FOR_TARGET_32)",
					"$(LIBRARY_SEARCH_PATHS_QUOTED_FOR_TARGET_33)",
					"$(LIBRARY_SEARCH_PATHS_QUOTED_FOR_TARGET_34)",
					"$(LIBRARY_SEARCH_PATHS_QUOTED_FOR_TARGET_35)",
					"$(LIBRARY_SEARCH_PATHS_QUOTED_FOR_TARGET_36)",
					"$(LIBRARY_SEARCH_PATHS_QUOTED_FOR_TARGET_37)",
					"$(LIBRARY_SEARCH_PATHS_QUOTED_FOR_TARGET_38)",
					"$(LIBRARY_SEARCH_PATHS_QUOTED_FOR_TARGET_39)",
					"$(LIBRARY_SEARCH_PATHS_QUOTED_FOR_TARGET_40)",
					"$(LIBRARY_SEARCH_PATHS_QUOTED_FOR_TARGET_41)",
					"$(LIBRARY_SEARCH_PATHS_QUOTED_FOR_TARGET_42)",
					"$(LIBRARY_SEARCH_PATHS_QUOTED_FOR_TARGET_43)",
					"$(LIBRARY_SEARCH_PATHS_QUOTED_FOR_TARGET_44)",
					"$(LIBRARY_SEARCH_PATHS_QUOTED_FOR_TARGET_45)",
					"$(LIBRARY_SEARCH_PATHS_QUOTED_FOR_TARGET_46)",
					"$(LIBRARY_SEARCH_PATHS_QUOTED_FOR_TARGET_47)",
					"$(LIBRARY_SEARCH_PATHS_QUOTED_FOR_TARGET_48)",
					"$(LIBRARY_SEARCH_PATHS_QUOTED_FOR_TARGET_49)",
					"$(LIBRARY_SEARCH_PATHS_QUOTED_FOR_TARGET_50)",
					"$(LIBRARY_SEARCH_PATHS_QUOTED_FOR_TARGET_51)",
					"$(LIBRARY_SEARCH_PATHS_QUOTED_FOR_TARGET_52)",
				);
				PRODUCT_NAME = Runtime_Streamer_GuiDebug;
				WRAPPER_EXTENSION = app;
			};
			name = Debug;
		};
		E4B69B610A3A1757003C02F2 /* Release */ = {
			isa = XCBuildConfiguration;
			buildSettings = {
				COMBINE_HIDPI_IMAGES = YES;
				COPY_PHASE_STRIP = YES;
				FRAMEWORK_SEARCH_PATHS = (
					"$(inherited)",
					"$(FRAMEWORK_SEARCH_PATHS_QUOTED_FOR_TARGET_1)",
				);
				FRAMEWORK_SEARCH_PATHS_QUOTED_FOR_TARGET_1 = "\"$(SRCROOT)/../../../libs/glut/lib/osx\"";
				GCC_GENERATE_DEBUGGING_SYMBOLS = YES;
				GCC_MODEL_TUNING = NONE;
				HEADER_SEARCH_PATHS = (
					"$(OF_CORE_HEADERS)",
					src,
					./../../../addons/ofxOsc/libs/oscpack/src/,
					"\"$(SRCROOT)/../Shared/GUI\"",
				);
				ICON = "$(ICON_NAME_RELEASE)";
				ICON_FILE = "$(ICON_FILE_PATH)$(ICON)";
				INFOPLIST_FILE = "openFrameworks-Info.plist";
				INSTALL_PATH = "$(HOME)/Applications";
				LIBRARY_SEARCH_PATHS = (
					"$(inherited)",
					"$(LIBRARY_SEARCH_PATHS_QUOTED_FOR_TARGET_1)",
					"$(LIBRARY_SEARCH_PATHS_QUOTED_FOR_TARGET_2)",
					"$(LIBRARY_SEARCH_PATHS_QUOTED_FOR_TARGET_3)",
					"$(LIBRARY_SEARCH_PATHS_QUOTED_FOR_TARGET_4)",
					"$(LIBRARY_SEARCH_PATHS_QUOTED_FOR_TARGET_5)",
					"$(LIBRARY_SEARCH_PATHS_QUOTED_FOR_TARGET_6)",
					"$(LIBRARY_SEARCH_PATHS_QUOTED_FOR_TARGET_7)",
					"$(LIBRARY_SEARCH_PATHS_QUOTED_FOR_TARGET_8)",
					"$(LIBRARY_SEARCH_PATHS_QUOTED_FOR_TARGET_9)",
					"$(LIBRARY_SEARCH_PATHS_QUOTED_FOR_TARGET_10)",
					"$(LIBRARY_SEARCH_PATHS_QUOTED_FOR_TARGET_11)",
					"$(LIBRARY_SEARCH_PATHS_QUOTED_FOR_TARGET_12)",
					"$(LIBRARY_SEARCH_PATHS_QUOTED_FOR_TARGET_13)",
					"$(LIBRARY_SEARCH_PATHS_QUOTED_FOR_TARGET_14)",
					"$(LIBRARY_SEARCH_PATHS_QUOTED_FOR_TARGET_15)",
					"$(LIBRARY_SEARCH_PATHS_QUOTED_FOR_TARGET_2)",
					"$(LIBRARY_SEARCH_PATHS_QUOTED_1)",
					"$(LIBRARY_SEARCH_PATHS_QUOTED_FOR_TARGET_3)",
					"$(LIBRARY_SEARCH_PATHS_QUOTED_FOR_TARGET_7)",
					"$(LIBRARY_SEARCH_PATHS_QUOTED_FOR_TARGET_8)",
					"$(LIBRARY_SEARCH_PATHS_QUOTED_FOR_TARGET_9)",
					"$(LIBRARY_SEARCH_PATHS_QUOTED_FOR_TARGET_10)",
					"$(LIBRARY_SEARCH_PATHS_QUOTED_FOR_TARGET_11)",
					"$(LIBRARY_SEARCH_PATHS_QUOTED_FOR_TARGET_12)",
					"$(LIBRARY_SEARCH_PATHS_QUOTED_FOR_TARGET_13)",
					"$(LIBRARY_SEARCH_PATHS_QUOTED_FOR_TARGET_16)",
					"$(LIBRARY_SEARCH_PATHS_QUOTED_FOR_TARGET_17)",
					"$(LIBRARY_SEARCH_PATHS_QUOTED_FOR_TARGET_18)",
					"$(LIBRARY_SEARCH_PATHS_QUOTED_FOR_TARGET_19)",
					"$(LIBRARY_SEARCH_PATHS_QUOTED_FOR_TARGET_20)",
					"$(LIBRARY_SEARCH_PATHS_QUOTED_FOR_TARGET_21)",
					"$(LIBRARY_SEARCH_PATHS_QUOTED_FOR_TARGET_22)",
					"$(LIBRARY_SEARCH_PATHS_QUOTED_FOR_TARGET_23)",
					"$(LIBRARY_SEARCH_PATHS_QUOTED_FOR_TARGET_24)",
					"$(LIBRARY_SEARCH_PATHS_QUOTED_FOR_TARGET_25)",
					"$(LIBRARY_SEARCH_PATHS_QUOTED_FOR_TARGET_26)",
					"$(LIBRARY_SEARCH_PATHS_QUOTED_FOR_TARGET_27)",
					"$(LIBRARY_SEARCH_PATHS_QUOTED_FOR_TARGET_28)",
					"$(LIBRARY_SEARCH_PATHS_QUOTED_FOR_TARGET_29)",
					"$(LIBRARY_SEARCH_PATHS_QUOTED_FOR_TARGET_30)",
					"$(LIBRARY_SEARCH_PATHS_QUOTED_FOR_TARGET_31)",
					"$(LIBRARY_SEARCH_PATHS_QUOTED_FOR_TARGET_32)",
					"$(LIBRARY_SEARCH_PATHS_QUOTED_FOR_TARGET_33)",
					"$(LIBRARY_SEARCH_PATHS_QUOTED_FOR_TARGET_34)",
					"$(LIBRARY_SEARCH_PATHS_QUOTED_FOR_TARGET_35)",
					"$(LIBRARY_SEARCH_PATHS_QUOTED_FOR_TARGET_36)",
					"$(LIBRARY_SEARCH_PATHS_QUOTED_FOR_TARGET_37)",
					"$(LIBRARY_SEARCH_PATHS_QUOTED_FOR_TARGET_38)",
					"$(LIBRARY_SEARCH_PATHS_QUOTED_FOR_TARGET_39)",
					"$(LIBRARY_SEARCH_PATHS_QUOTED_FOR_TARGET_40)",
					"$(LIBRARY_SEARCH_PATHS_QUOTED_FOR_TARGET_41)",
					"$(LIBRARY_SEARCH_PATHS_QUOTED_FOR_TARGET_42)",
					"$(LIBRARY_SEARCH_PATHS_QUOTED_FOR_TARGET_43)",
					"$(LIBRARY_SEARCH_PATHS_QUOTED_FOR_TARGET_44)",
					"$(LIBRARY_SEARCH_PATHS_QUOTED_FOR_TARGET_45)",
					"$(LIBRARY_SEARCH_PATHS_QUOTED_FOR_TARGET_46)",
					"$(LIBRARY_SEARCH_PATHS_QUOTED_FOR_TARGET_47)",
					"$(LIBRARY_SEARCH_PATHS_QUOTED_FOR_TARGET_48)",
					"$(LIBRARY_SEARCH_PATHS_QUOTED_FOR_TARGET_49)",
					"$(LIBRARY_SEARCH_PATHS_QUOTED_FOR_TARGET_50)",
					"$(LIBRARY_SEARCH_PATHS_QUOTED_FOR_TARGET_51)",
				);
				PRODUCT_NAME = Runtime_Streamer_Gui;
				WRAPPER_EXTENSION = app;
			};
			name = Release;
		};
/* End XCBuildConfiguration section */

/* Begin XCConfigurationList section */
		E4B69B4D0A3A1720003C02F2 /* Build configuration list for PBXProject "Runtime_Streamer_Gui" */ = {
			isa = XCConfigurationList;
			buildConfigurations = (
				E4B69B4E0A3A1720003C02F2 /* Debug */,
				E4B69B4F0A3A1720003C02F2 /* Release */,
			);
			defaultConfigurationIsVisible = 0;
			defaultConfigurationName = Release;
		};
		E4B69B5F0A3A1757003C02F2 /* Build configuration list for PBXNativeTarget "Runtime_Streamer_Gui" */ = {
			isa = XCConfigurationList;
			buildConfigurations = (
				E4B69B600A3A1757003C02F2 /* Debug */,
				E4B69B610A3A1757003C02F2 /* Release */,
			);
			defaultConfigurationIsVisible = 0;
			defaultConfigurationName = Release;
		};
/* End XCConfigurationList section */
	};
	rootObject = E4B69B4C0A3A1720003C02F2 /* Project object */;
}
